# This file is automatically @generated by Cargo.
# It is not intended for manual editing.
version = 4

[[package]]
name = "vigil-adapter-claude"
version = "0.0.0"

[[package]]
name = "vigil-adapter-codex"
version = "0.0.0"

[[package]]
name = "vigil-adapter-opencode"
version = "0.0.0"

[[package]]
name = "vigil-adapter-pi"
version = "0.0.0"

[[package]]
name = "vigil-cli"
version = "0.0.0"

[[package]]
name = "vigil-core"
version = "0.0.0"

[[package]]
name = "vigil-tui"
version = "0.0.0"
